{
  "name": "fade-playground-monorepo",
  "version": "0.0.0",
  "lockfileVersion": 3,
  "requires": true,
  "packages": {
    "": {
      "name": "fade-playground-monorepo",
      "version": "0.0.0",
      "workspaces": [
        "packages/*",
        "examples/*"
      ]
    },
    "examples/minimal-embed": {
      "name": "@fadebasic/example-minimal-embed",
      "version": "0.0.0"
    },
    "node_modules/@fadebasic/components": {
      "resolved": "packages/components",
      "link": true
    },
    "node_modules/@fadebasic/editor": {
      "resolved": "packages/editor",
      "link": true
    },
    "node_modules/@fadebasic/example-minimal-embed": {
      "resolved": "examples/minimal-embed",
      "link": true
    },
    "node_modules/@fadebasic/runtime": {
      "resolved": "packages/runtime",
      "link": true
    },
    "node_modules/@fadebasic/runtime-assets": {
      "resolved": "packages/runtime-assets",
      "link": true
    },
    "node_modules/fflate": {
      "version": "0.8.3",
      "resolved": "https://registry.npmjs.org/fflate/-/fflate-0.8.3.tgz",
      "integrity": "sha512-tbZNuJrLwGUp3zshBtdy4W+ORxZuIh8a5ilyIEQDC5rY1f3U20JMry0Ll3WBzU58EZKsEuJFXhb5gwv8CsPvgA==",
      "license": "MIT"
    },
    "packages/components": {
      "name": "@fadebasic/components",
      "version": "0.0.0"
    },
    "packages/editor": {
      "name": "@fadebasic/editor",
      "version": "0.0.0"
    },
    "packages/runtime": {
      "name": "@fadebasic/runtime",
      "version": "0.0.0"
    },
    "packages/runtime-assets": {
      "name": "@fadebasic/runtime-assets",
      "version": "0.0.0",
      "dependencies": {
        "fflate": "^0.8.3"
      },
      "bin": {
        "fade-stage-runtime": "scripts/stage.mjs"
      }
    }
  }
}
